
Microsoft Visual Studio Solution File, Format Version 12.00
# Visual Studio 2012
Project("{FAE04EC0-301F-11D3-BF4B-00C04F79EFBC}") = "Miusiquita", "Miusiquita\Miusiquita.csproj", "{933B3CDF-D45E-47BB-BE7D-907959B1FEED}"
EndProject
Global
	GlobalSection(SolutionConfigurationPlatforms) = preSolution
		Debug|Any CPU = Debug|Any CPU
		Release|Any CPU = Release|Any CPU
	EndGlobalSection
	GlobalSection(ProjectConfigurationPlatforms) = postSolution
		{933B3CDF-D45E-47BB-BE7D-907959B1FEED}.Debug|Any CPU.ActiveCfg = Debug|Any CPU
		{933B3CDF-D45E-47BB-BE7D-907959B1FEED}.Debug|Any CPU.Build.0 = Debug|Any CPU
		{933B3CDF-D45E-47BB-BE7D-907959B1FEED}.Release|Any CPU.ActiveCfg = Release|Any CPU
		{933B3CDF-D45E-47BB-BE7D-907959B1FEED}.Release|Any CPU.Build.0 = Release|Any CPU
	EndGlobalSection
	GlobalSection(SolutionProperties) = preSolution
		HideSolutionNode = FALSE
	EndGlobalSection
EndGlobal
